
Microsoft Visual Studio Solution File, Format Version 12.00
# Visual Studio Version 16
VisualStudioVersion = 16.0.30225.117
MinimumVisualStudioVersion = 10.0.40219.1
Project("{FAE04EC0-301F-11D3-BF4B-00C04F79EFBC}") = "CountriesAPP", "CountriesAPP.csproj", "{39B899CD-7D54-4143-80A1-AC86AD571845}"
EndProject
Global
	GlobalSection(SolutionConfigurationPlatforms) = preSolution
		Debug|Any CPU = Debug|Any CPU
		Release|Any CPU = Release|Any CPU
	EndGlobalSection
	GlobalSection(ProjectConfigurationPlatforms) = postSolution
		{39B899CD-7D54-4143-80A1-AC86AD571845}.Debug|Any CPU.ActiveCfg = Debug|Any CPU
		{39B899CD-7D54-4143-80A1-AC86AD571845}.Debug|Any CPU.Build.0 = Debug|Any CPU
		{39B899CD-7D54-4143-80A1-AC86AD571845}.Release|Any CPU.ActiveCfg = Release|Any CPU
		{39B899CD-7D54-4143-80A1-AC86AD571845}.Release|Any CPU.Build.0 = Release|Any CPU
	EndGlobalSection
	GlobalSection(SolutionProperties) = preSolution
		HideSolutionNode = FALSE
	EndGlobalSection
	GlobalSection(ExtensibilityGlobals) = postSolution
		SolutionGuid = {F2053789-A214-4EF9-99FE-1378321E0D5A}
	EndGlobalSection
EndGlobal
